
Microsoft Visual Studio Solution File, Format Version 12.00
# Visual Studio Version 17
VisualStudioVersion = 17.6.35707.66
MinimumVisualStudioVersion = 10.0.40219.1
Project("{FAE04EC0-301F-11D3-BF4B-00C04F79EFBC}") = "prodAPIPrac2", "prodAPIPrac2.csproj", "{60DD8518-E997-4133-A123-A82668E06957}"
EndProject
Global
	GlobalSection(SolutionConfigurationPlatforms) = preSolution
		Debug|Any CPU = Debug|Any CPU
		Release|Any CPU = Release|Any CPU
	EndGlobalSection
	GlobalSection(ProjectConfigurationPlatforms) = postSolution
		{60DD8518-E997-4133-A123-A82668E06957}.Debug|Any CPU.ActiveCfg = Debug|Any CPU
		{60DD8518-E997-4133-A123-A82668E06957}.Debug|Any CPU.Build.0 = Debug|Any CPU
		{60DD8518-E997-4133-A123-A82668E06957}.Release|Any CPU.ActiveCfg = Release|Any CPU
		{60DD8518-E997-4133-A123-A82668E06957}.Release|Any CPU.Build.0 = Release|Any CPU
	EndGlobalSection
	GlobalSection(SolutionProperties) = preSolution
		HideSolutionNode = FALSE
	EndGlobalSection
	GlobalSection(ExtensibilityGlobals) = postSolution
		SolutionGuid = {BAD813B5-96C9-40C3-B574-48A36E250742}
	EndGlobalSection
EndGlobal
